// !$*UTF8*$!
{
	archiveVersion = 1;
	classes = {
	};
	objectVersion = 46;
	objects = {

/* Begin PBXBuildFile section */
		F7F4A7BB1E8FC1C4006BEBBD /* AppDelegate.swift in Sources */ = {isa = PBXBuildFile; fileRef = F7F4A7BA1E8FC1C4006BEBBD /* AppDelegate.swift */; };
		F7F4A7BD1E8FC1C4006BEBBD /* ViewController.swift in Sources */ = {isa = PBXBuildFile; fileRef = F7F4A7BC1E8FC1C4006BEBBD /* ViewController.swift */; };
		F7F4A7C01E8FC1C4006BEBBD /* Main.storyboard in Resources */ = {isa = PBXBuildFile; fileRef = F7F4A7BE1E8FC1C4006BEBBD /* Main.storyboard */; };
		F7F4A7C21E8FC1C4006BEBBD /* Assets.xcassets in Resources */ = {isa = PBXBuildFile; fileRef = F7F4A7C11E8FC1C4006BEBBD /* Assets.xcassets */; };
		F7F4A7C51E8FC1C5006BEBBD /* LaunchScreen.storyboard in Resources */ = {isa = PBXBuildFile; fileRef = F7F4A7C31E8FC1C5006BEBBD /* LaunchScreen.storyboard */; };
/* End PBXBuildFile section */

/* Begin PBXFileReference section */
		F7F4A7B71E8FC1C4006BEBBD /* Dragging Views.app */ = {isa = PBXFileReference; explicitFileType = wrapper.application; includeInIndex = 0; path = "Dragging Views.app"; sourceTree = BUILT_PRODUCTS_DIR; };
		F7F4A7BA1E8FC1C4006BEBBD /* AppDelegate.swift */ = {isa = PBXFileReference; lastKnownFileType = sourcecode.swift; path = AppDelegate.swift; sourceTree = "<group>"; };
		F7F4A7BC1E8FC1C4006BEBBD /* ViewController.swift */ = {isa = PBXFileReference; lastKnownFileType = sourcecode.swift; path = ViewController.swift; sourceTree = "<group>"; };
		F7F4A7BF1E8FC1C4006BEBBD /* Base */ = {isa = PBXFileReference; lastKnownFileType = file.storyboard; name = Base; path = Base.lproj/Main.storyboard; sourceTree = "<group>"; };
		F7F4A7C11E8FC1C4006BEBBD /* Assets.xcassets */ = {isa = PBXFileReference; lastKnownFileType = folder.assetcatalog; path = Assets.xcassets; sourceTree = "<group>"; };
		F7F4A7C41E8FC1C5006BEBBD /* Base */ = {isa = PBXFileReference; lastKnownFileType = file.storyboard; name = Base; path = Base.lproj/LaunchScreen.storyboard; sourceTree = "<group>"; };
		F7F4A7C61E8FC1C5006BEBBD /* Info.plist */ = {isa = PBXFileReference; lastKnownFileType = text.plist.xml; path = Info.plist; sourceTree = "<group>"; };
/* End PBXFileReference section */

/* Begin PBXFrameworksBuildPhase section */
		F7F4A7B41E8FC1C4006BEBBD /* Frameworks */ = {
			isa = PBXFrameworksBuildPhase;
			buildActionMask = 2147483647;
			files = (
			);
			runOnlyForDeploymentPostprocessing = 0;
		};
/* End PBXFrameworksBuildPhase section */

/* Begin PBXGroup section */
		F7F4A7AE1E8FC1C2006BEBBD = {
			isa = PBXGroup;
			children = (
				F7F4A7B91E8FC1C4006BEBBD /* Dragging Views */,
				F7F4A7B81E8FC1C4006BEBBD /* Products */,
			);
			sourceTree = "<group>";
		};
		F7F4A7B81E8FC1C4006BEBBD /* Products */ = {
			isa = PBXGroup;
			children = (
				F7F4A7B71E8FC1C4006BEBBD /* Dragging Views.app */,
			);
			name = Products;
			sourceTree = "<group>";
		};
		F7F4A7B91E8FC1C4006BEBBD /* Dragging Views */ = {
			isa = PBXGroup;
			children = (
				F7F4A7BA1E8FC1C4006BEBBD /* AppDelegate.swift */,
				F7F4A7BC1E8FC1C4006BEBBD /* ViewController.swift */,
				F7F4A7BE1E8FC1C4006BEBBD /* Main.storyboard */,
				F7F4A7C11E8FC1C4006BEBBD /* Assets.xcassets */,
				F7F4A7C31E8FC1C5006BEBBD /* LaunchScreen.storyboard */,
				F7F4A7C61E8FC1C5006BEBBD /* Info.plist */,
			);
			path = "Dragging Views";
			sourceTree = "<group>";
		};
/* End PBXGroup section */

/* Begin PBXNativeTarget section */
		F7F4A7B61E8FC1C4006BEBBD /* Dragging Views */ = {
			isa = PBXNativeTarget;
			buildConfigurationList = F7F4A7C91E8FC1C5006BEBBD /* Build configuration list for PBXNativeTarget "Dragging Views" */;
			buildPhases = (
				F7F4A7B31E8FC1C4006BEBBD /* Sources */,
				F7F4A7B41E8FC1C4006BEBBD /* Frameworks */,
				F7F4A7B51E8FC1C4006BEBBD /* Resources */,
			);
			buildRules = (
			);
			dependencies = (
			);
			name = "Dragging Views";
			productName = "Dragging Views";
			productReference = F7F4A7B71E8FC1C4006BEBBD /* Dragging Views.app */;
			productType = "com.apple.product-type.application";
		};
/* End PBXNativeTarget section */

/* Begin PBXProject section */
		F7F4A7AF1E8FC1C2006BEBBD /* Project object */ = {
			isa = PBXProject;
			attributes = {
				LastSwiftUpdateCheck = 0820;
				LastUpgradeCheck = 0820;
				ORGANIZATIONNAME = "Ramona Srbecky";
				TargetAttributes = {
					F7F4A7B61E8FC1C4006BEBBD = {
						CreatedOnToolsVersion = 8.2.1;
						ProvisioningStyle = Automatic;
					};
				};
			};
			buildConfigurationList = F7F4A7B21E8FC1C3006BEBBD /* Build configuration list for PBXProject "Dragging Views" */;
			compatibilityVersion = "Xcode 3.2";
			developmentRegion = English;
			hasScannedForEncodings = 0;
			knownRegions = (
				en,
				Base,
			);
			mainGroup = F7F4A7AE1E8FC1C2006BEBBD;
			productRefGroup = F7F4A7B81E8FC1C4006BEBBD /* Products */;
			projectDirPath = "";
			projectRoot = "";
			targets = (
				F7F4A7B61E8FC1C4006BEBBD /* Dragging Views */,
			);
		};
/* End PBXProject section */

/* Begin PBXResourcesBuildPhase section */
		F7F4A7B51E8FC1C4006BEBBD /* Resources */ = {
			isa = PBXResourcesBuildPhase;
			buildActionMask = 2147483647;
			files = (
				F7F4A7C51E8FC1C5006BEBBD /* LaunchScreen.storyboard in Resources */,
				F7F4A7C21E8FC1C4006BEBBD /* Assets.xcassets in Resources */,
				F7F4A7C01E8FC1C4006BEBBD /* Main.storyboard in Resources */,
			);
			runOnlyForDeploymentPostprocessing = 0;
		};
/* End PBXResourcesBuildPhase section */

/* Begin PBXSourcesBuildPhase section */
		F7F4A7B31E8FC1C4006BEBBD /* Sources */ = {
			isa = PBXSourcesBuildPhase;
			buildActionMask = 2147483647;
			files = (
				F7F4A7BD1E8FC1C4006BEBBD /* ViewController.swift in Sources */,
				F7F4A7BB1E8FC1C4006BEBBD /* AppDelegate.swift in Sources */,
			);
			runOnlyForDeploymentPostprocessing = 0;
		};
/* End PBXSourcesBuildPhase section */

/* Begin PBXVariantGroup section */
		F7F4A7BE1E8FC1C4006BEBBD /* Main.storyboard */ = {
			isa = PBXVariantGroup;
			children = (
				F7F4A7BF1E8FC1C4006BEBBD /* Base */,
			);
			name = Main.storyboard;
			sourceTree = "<group>";
		};
		F7F4A7C31E8FC1C5006BEBBD /* LaunchScreen.storyboard */ = {
			isa = PBXVariantGroup;
			children = (
				F7F4A7C41E8FC1C5006BEBBD /* Base */,
			);
			name = LaunchScreen.storyboard;
			sourceTree = "<group>";
		};
/* End PBXVariantGroup section */

/* Begin XCBuildConfiguration section */
		F7F4A7C71E8FC1C5006BEBBD /* Debug */ = {
			isa = XCBuildConfiguration;
			buildSettings = {
				ALWAYS_SEARCH_USER_PATHS = NO;
				CLANG_ANALYZER_NONNULL = YES;
				CLANG_CXX_LANGUAGE_STANDARD = "gnu++0x";
				CLANG_CXX_LIBRARY = "libc++";
				CLANG_ENABLE_MODULES = YES;
				CLANG_ENABLE_OBJC_ARC = YES;
				CLANG_WARN_BOOL_CONVERSION = YES;
				CLANG_WARN_CONSTANT_CONVERSION = YES;
				CLANG_WARN_DIRECT_OBJC_ISA_USAGE = YES_ERROR;
				CLANG_WARN_DOCUMENTATION_COMMENTS = YES;
				CLANG_WARN_EMPTY_BODY = YES;
				CLANG_WARN_ENUM_CONVERSION = YES;
				CLANG_WARN_INFINITE_RECURSION = YES;
				CLANG_WARN_INT_CONVERSION = YES;
				CLANG_WARN_OBJC_ROOT_CLASS = YES_ERROR;
				CLANG_WARN_SUSPICIOUS_MOVE = YES;
				CLANG_WARN_UNREACHABLE_CODE = YES;
				CLANG_WARN__DUPLICATE_METHOD_MATCH = YES;
				"CODE_SIGN_IDENTITY[sdk=iphoneos*]" = "iPhone Developer";
				COPY_PHASE_STRIP = NO;
				DEBUG_INFORMATION_FORMAT = dwarf;
				ENABLE_STRICT_OBJC_MSGSEND = YES;
				ENABLE_TESTABILITY = YES;
				GCC_C_LANGUAGE_STANDARD = gnu99;
				GCC_DYNAMIC_NO_PIC = NO;
				GCC_NO_COMMON_BLOCKS = YES;
				GCC_OPTIMIZATION_LEVEL = 0;
				GCC_PREPROCESSOR_DEFINITIONS = (
					"DEBUG=1",
					"$(inherited)",
				);
				GCC_WARN_64_TO_32_BIT_CONVERSION = YES;
				GCC_WARN_ABOUT_RETURN_TYPE = YES_ERROR;
				GCC_WARN_UNDECLARED_SELECTOR = YES;
				GCC_WARN_UNINITIALIZED_AUTOS = YES_AGGRESSIVE;
				GCC_WARN_UNUSED_FUNCTION = YES;
				GCC_WARN_UNUSED_VARIABLE = YES;
				IPHONEOS_DEPLOYMENT_TARGET = 10.2;
				MTL_ENABLE_DEBUG_INFO = YES;
				ONLY_ACTIVE_ARCH = YES;
				SDKROOT = iphoneos;
				SWIFT_ACTIVE_COMPILATION_CONDITIONS = DEBUG;
				SWIFT_OPTIMIZATION_LEVEL = "-Onone";
			};
			name = Debug;
		};
		F7F4A7C81E8FC1C5006BEBBD /* Release */ = {
			isa = XCBuildConfiguration;
			buildSettings = {
				ALWAYS_SEARCH_USER_PATHS = NO;
				CLANG_ANALYZER_NONNULL = YES;
				CLANG_CXX_LANGUAGE_STANDARD = "gnu++0x";
				CLANG_CXX_LIBRARY = "libc++";
				CLANG_ENABLE_MODULES = YES;
				CLANG_ENABLE_OBJC_ARC = YES;
				CLANG_WARN_BOOL_CONVERSION = YES;
				CLANG_WARN_CONSTANT_CONVERSION = YES;
				CLANG_WARN_DIRECT_OBJC_ISA_USAGE = YES_ERROR;
				CLANG_WARN_DOCUMENTATION_COMMENTS = YES;
				CLANG_WARN_EMPTY_BODY = YES;
				CLANG_WARN_ENUM_CONVERSION = YES;
				CLANG_WARN_INFINITE_RECURSION = YES;
				CLANG_WARN_INT_CONVERSION = YES;
				CLANG_WARN_OBJC_ROOT_CLASS = YES_ERROR;
				CLANG_WARN_SUSPICIOUS_MOVE = YES;
				CLANG_WARN_UNREACHABLE_CODE = YES;
				CLANG_WARN__DUPLICATE_METHOD_MATCH = YES;
				"CODE_SIGN_IDENTITY[sdk=iphoneos*]" = "iPhone Developer";
				COPY_PHASE_STRIP = NO;
				DEBUG_INFORMATION_FORMAT = "dwarf-with-dsym";
				ENABLE_NS_ASSERTIONS = NO;
				ENABLE_STRICT_OBJC_MSGSEND = YES;
				GCC_C_LANGUAGE_STANDARD = gnu99;
				GCC_NO_COMMON_BLOCKS = YES;
				GCC_WARN_64_TO_32_BIT_CONVERSION = YES;
				GCC_WARN_ABOUT_RETURN_TYPE = YES_ERROR;
				GCC_WARN_UNDECLARED_SELECTOR = YES;
				GCC_WARN_UNINITIALIZED_AUTOS = YES_AGGRESSIVE;
				GCC_WARN_UNUSED_FUNCTION = YES;
				GCC_WARN_UNUSED_VARIABLE = YES;
				IPHONEOS_DEPLOYMENT_TARGET = 10.2;
				MTL_ENABLE_DEBUG_INFO = NO;
				SDKROOT = iphoneos;
				SWIFT_OPTIMIZATION_LEVEL = "-Owholemodule";
				VALIDATE_PRODUCT = YES;
			};
			name = Release;
		};
		F7F4A7CA1E8FC1C5006BEBBD /* Debug */ = {
			isa = XCBuildConfiguration;
			buildSettings = {
				ASSETCATALOG_COMPILER_APPICON_NAME = AppIcon;
				INFOPLIST_FILE = "Dragging Views/Info.plist";
				LD_RUNPATH_SEARCH_PATHS = "$(inherited) @executable_path/Frameworks";
				PRODUCT_BUNDLE_IDENTIFIER = "rs.Dragging-Views";
				PRODUCT_NAME = "$(TARGET_NAME)";
				SWIFT_VERSION = 3.0;
			};
			name = Debug;
		};
		F7F4A7CB1E8FC1C5006BEBBD /* Release */ = {
			isa = XCBuildConfiguration;
			buildSettings = {
				ASSETCATALOG_COMPILER_APPICON_NAME = AppIcon;
				INFOPLIST_FILE = "Dragging Views/Info.plist";
				LD_RUNPATH_SEARCH_PATHS = "$(inherited) @executable_path/Frameworks";
				PRODUCT_BUNDLE_IDENTIFIER = "rs.Dragging-Views";
				PRODUCT_NAME = "$(TARGET_NAME)";
				SWIFT_VERSION = 3.0;
			};
			name = Release;
		};
/* End XCBuildConfiguration section */

/* Begin XCConfigurationList section */
		F7F4A7B21E8FC1C3006BEBBD /* Build configuration list for PBXProject "Dragging Views" */ = {
			isa = XCConfigurationList;
			buildConfigurations = (
				F7F4A7C71E8FC1C5006BEBBD /* Debug */,
				F7F4A7C81E8FC1C5006BEBBD /* Release */,
			);
			defaultConfigurationIsVisible = 0;
			defaultConfigurationName = Release;
		};
		F7F4A7C91E8FC1C5006BEBBD /* Build configuration list for PBXNativeTarget "Dragging Views" */ = {
			isa = XCConfigurationList;
			buildConfigurations = (
				F7F4A7CA1E8FC1C5006BEBBD /* Debug */,
				F7F4A7CB1E8FC1C5006BEBBD /* Release */,
			);
			defaultConfigurationIsVisible = 0;
		};
/* End XCConfigurationList section */
	};
	rootObject = F7F4A7AF1E8FC1C2006BEBBD /* Project object */;
}
